
Microsoft Visual Studio Solution File, Format Version 12.00
# Visual Studio Version 16
VisualStudioVersion = 16.0.31025.194
MinimumVisualStudioVersion = 10.0.40219.1
Project("{9A19103F-16F7-4668-BE54-9A1E7A4F7556}") = "PowerAppsFunction", "PowerAppsFunction.csproj", "{C618A8B5-F826-4214-9BF5-42DEB99ABA30}"
EndProject
Global
	GlobalSection(SolutionConfigurationPlatforms) = preSolution
		Debug|Any CPU = Debug|Any CPU
		Release|Any CPU = Release|Any CPU
	EndGlobalSection
	GlobalSection(ProjectConfigurationPlatforms) = postSolution
		{C618A8B5-F826-4214-9BF5-42DEB99ABA30}.Debug|Any CPU.ActiveCfg = Debug|Any CPU
		{C618A8B5-F826-4214-9BF5-42DEB99ABA30}.Debug|Any CPU.Build.0 = Debug|Any CPU
		{C618A8B5-F826-4214-9BF5-42DEB99ABA30}.Release|Any CPU.ActiveCfg = Release|Any CPU
		{C618A8B5-F826-4214-9BF5-42DEB99ABA30}.Release|Any CPU.Build.0 = Release|Any CPU
	EndGlobalSection
	GlobalSection(SolutionProperties) = preSolution
		HideSolutionNode = FALSE
	EndGlobalSection
	GlobalSection(ExtensibilityGlobals) = postSolution
		SolutionGuid = {49145420-AA65-497A-9448-9263675CB628}
	EndGlobalSection
EndGlobal
